// !$*UTF8*$!
{
	archiveVersion = 1;
	classes = {
	};
	objectVersion = 46;
	objects = {

/* Begin PBXBuildFile section */
		1F701B33626C08EBE80725F3 /* Pods.framework in Frameworks */ = {isa = PBXBuildFile; fileRef = B7B4CEE6540F94C57B8C6FD9 /* Pods.framework */; };
		410BE3CA1C788E2600E49CB9 /* AppDelegate.swift in Sources */ = {isa = PBXBuildFile; fileRef = 410BE3C91C788E2600E49CB9 /* AppDelegate.swift */; };
		410BE3CC1C788E2600E49CB9 /* CalendarViewController.swift in Sources */ = {isa = PBXBuildFile; fileRef = 410BE3CB1C788E2600E49CB9 /* CalendarViewController.swift */; };
		410BE3CF1C788E2600E49CB9 /* Main.storyboard in Resources */ = {isa = PBXBuildFile; fileRef = 410BE3CD1C788E2600E49CB9 /* Main.storyboard */; };
		410BE3D11C788E2600E49CB9 /* Assets.xcassets in Resources */ = {isa = PBXBuildFile; fileRef = 410BE3D01C788E2600E49CB9 /* Assets.xcassets */; };
		410BE3D41C788E2600E49CB9 /* LaunchScreen.storyboard in Resources */ = {isa = PBXBuildFile; fileRef = 410BE3D21C788E2600E49CB9 /* LaunchScreen.storyboard */; };
		410BE3DD1C78965C00E49CB9 /* Globals.swift in Sources */ = {isa = PBXBuildFile; fileRef = 410BE3DC1C78965C00E49CB9 /* Globals.swift */; };
		410BE3E11C78A6FF00E49CB9 /* TTDB.swift in Sources */ = {isa = PBXBuildFile; fileRef = 410BE3E01C78A6FF00E49CB9 /* TTDB.swift */; };
		410BE3E61C78BB1300E49CB9 /* JSON.swift in Sources */ = {isa = PBXBuildFile; fileRef = 410BE3E51C78BB1300E49CB9 /* JSON.swift */; };
		410BE3E81C78C19200E49CB9 /* Faculty.swift in Sources */ = {isa = PBXBuildFile; fileRef = 410BE3E71C78C19200E49CB9 /* Faculty.swift */; };
		410BE3EA1C78C3A400E49CB9 /* Group.swift in Sources */ = {isa = PBXBuildFile; fileRef = 410BE3E91C78C3A400E49CB9 /* Group.swift */; };
		410BE3EC1C78C6F900E49CB9 /* Shedulde.swift in Sources */ = {isa = PBXBuildFile; fileRef = 410BE3EB1C78C6F900E49CB9 /* Shedulde.swift */; };
		410BE3EE1C78CD5F00E49CB9 /* Week.swift in Sources */ = {isa = PBXBuildFile; fileRef = 410BE3ED1C78CD5F00E49CB9 /* Week.swift */; };
		410BE3F01C78CF4E00E49CB9 /* Day.swift in Sources */ = {isa = PBXBuildFile; fileRef = 410BE3EF1C78CF4E00E49CB9 /* Day.swift */; };
		410BE3F21C78CF9A00E49CB9 /* Lesson.swift in Sources */ = {isa = PBXBuildFile; fileRef = 410BE3F11C78CF9A00E49CB9 /* Lesson.swift */; };
		410BE3F41C78D58100E49CB9 /* Extensions.swift in Sources */ = {isa = PBXBuildFile; fileRef = 410BE3F31C78D58100E49CB9 /* Extensions.swift */; };
		4126BB941C8725330094F9F3 /* LessonsNotifier.swift in Sources */ = {isa = PBXBuildFile; fileRef = 4126BB931C8725330094F9F3 /* LessonsNotifier.swift */; };
		4126BB971C87393C0094F9F3 /* Settings.swift in Sources */ = {isa = PBXBuildFile; fileRef = 4126BB961C87393C0094F9F3 /* Settings.swift */; };
		4126BB991C873BA30094F9F3 /* SettingsViewController.swift in Sources */ = {isa = PBXBuildFile; fileRef = 4126BB981C873BA30094F9F3 /* SettingsViewController.swift */; };
		417227AC1C88644400BAB98C /* SplitViewController.swift in Sources */ = {isa = PBXBuildFile; fileRef = 417227AB1C88644400BAB98C /* SplitViewController.swift */; };
		417227B81C886AC000BAB98C /* LICENSE in Resources */ = {isa = PBXBuildFile; fileRef = 417227AE1C886AC000BAB98C /* LICENSE */; };
		417227B91C886AC000BAB98C /* CBZRasterSplashView.m in Sources */ = {isa = PBXBuildFile; fileRef = 417227B21C886AC000BAB98C /* CBZRasterSplashView.m */; };
		417227BA1C886AC000BAB98C /* CBZSplashView.m in Sources */ = {isa = PBXBuildFile; fileRef = 417227B41C886AC000BAB98C /* CBZSplashView.m */; };
		417227BB1C886AC000BAB98C /* CBZVectorSplashView.m in Sources */ = {isa = PBXBuildFile; fileRef = 417227B61C886AC000BAB98C /* CBZVectorSplashView.m */; };
		417227BC1C886AC000BAB98C /* README.md in Sources */ = {isa = PBXBuildFile; fileRef = 417227B71C886AC000BAB98C /* README.md */; };
		4197648A1C7DCEC3006A2837 /* SearchViewController.swift in Sources */ = {isa = PBXBuildFile; fileRef = 419764891C7DCEC3006A2837 /* SearchViewController.swift */; };
		41B850F71C85E2E4008A63DA /* DDCalendarEvent.m in Sources */ = {isa = PBXBuildFile; fileRef = 41B850D91C85E2E4008A63DA /* DDCalendarEvent.m */; };
		41B850F81C85E2E4008A63DA /* DDCalendarEventView.m in Sources */ = {isa = PBXBuildFile; fileRef = 41B850DB1C85E2E4008A63DA /* DDCalendarEventView.m */; };
		41B850F91C85E2E4008A63DA /* DDCalendarSingleDayView.m in Sources */ = {isa = PBXBuildFile; fileRef = 41B850DD1C85E2E4008A63DA /* DDCalendarSingleDayView.m */; };
		41B850FA1C85E2E4008A63DA /* DDCalendarView.m in Sources */ = {isa = PBXBuildFile; fileRef = 41B850DF1C85E2E4008A63DA /* DDCalendarView.m */; };
		41B850FB1C85E2E4008A63DA /* FFHourAndMinLabel.m in Sources */ = {isa = PBXBuildFile; fileRef = 41B850E31C85E2E4008A63DA /* FFHourAndMinLabel.m */; };
		41B850FC1C85E2E4008A63DA /* FFViewWithHourLines.m in Sources */ = {isa = PBXBuildFile; fileRef = 41B850E51C85E2E4008A63DA /* FFViewWithHourLines.m */; };
		41B850FD1C85E2E4008A63DA /* UILabel+FFCustomMethods.m in Sources */ = {isa = PBXBuildFile; fileRef = 41B850E71C85E2E4008A63DA /* UILabel+FFCustomMethods.m */; };
		41B850FE1C85E2E4008A63DA /* NSDate+DDCalendar.m in Sources */ = {isa = PBXBuildFile; fileRef = 41B850E91C85E2E4008A63DA /* NSDate+DDCalendar.m */; };
		41B850FF1C85E2E4008A63DA /* OBDragDropManager.m in Sources */ = {isa = PBXBuildFile; fileRef = 41B850ED1C85E2E4008A63DA /* OBDragDropManager.m */; };
		41B851001C85E2E4008A63DA /* OBLongPressDragDropGestureRecognizer.m in Sources */ = {isa = PBXBuildFile; fileRef = 41B850F01C85E2E4008A63DA /* OBLongPressDragDropGestureRecognizer.m */; };
		41B851011C85E2E4008A63DA /* UIGestureRecognizer+OBDragDrop.m in Sources */ = {isa = PBXBuildFile; fileRef = 41B850F21C85E2E4008A63DA /* UIGestureRecognizer+OBDragDrop.m */; };
		41B851021C85E2E4008A63DA /* UIView+OBDropZone.m in Sources */ = {isa = PBXBuildFile; fileRef = 41B850F41C85E2E4008A63DA /* UIView+OBDropZone.m */; };
		41B851031C85E2E4008A63DA /* LICENSE in Resources */ = {isa = PBXBuildFile; fileRef = 41B850F51C85E2E4008A63DA /* LICENSE */; };
		41B851041C85E2E4008A63DA /* README.md in Sources */ = {isa = PBXBuildFile; fileRef = 41B850F61C85E2E4008A63DA /* README.md */; };
		41F273A01C7DE05A0057947F /* FacultiesViewController.swift in Sources */ = {isa = PBXBuildFile; fileRef = 41F2739F1C7DE05A0057947F /* FacultiesViewController.swift */; };
		DD08277E1C7F658100CE1F0B /* BookmarksViewController.swift in Sources */ = {isa = PBXBuildFile; fileRef = DD08277D1C7F658100CE1F0B /* BookmarksViewController.swift */; };
/* End PBXBuildFile section */

/* Begin PBXFileReference section */
		04F9172B028394EABC6A35D3 /* Pods.debug.xcconfig */ = {isa = PBXFileReference; includeInIndex = 1; lastKnownFileType = text.xcconfig; name = Pods.debug.xcconfig; path = "Pods/Target Support Files/Pods/Pods.debug.xcconfig"; sourceTree = "<group>"; };
		3270AF72959F76F37F896B19 /* Pods.release.xcconfig */ = {isa = PBXFileReference; includeInIndex = 1; lastKnownFileType = text.xcconfig; name = Pods.release.xcconfig; path = "Pods/Target Support Files/Pods/Pods.release.xcconfig"; sourceTree = "<group>"; };
		410BE3C61C788E2500E49CB9 /* Timetable.app */ = {isa = PBXFileReference; explicitFileType = wrapper.application; includeInIndex = 0; path = Timetable.app; sourceTree = BUILT_PRODUCTS_DIR; };
		410BE3C91C788E2600E49CB9 /* AppDelegate.swift */ = {isa = PBXFileReference; lastKnownFileType = sourcecode.swift; path = AppDelegate.swift; sourceTree = "<group>"; };
		410BE3CB1C788E2600E49CB9 /* CalendarViewController.swift */ = {isa = PBXFileReference; lastKnownFileType = sourcecode.swift; path = CalendarViewController.swift; sourceTree = "<group>"; };
		410BE3CE1C788E2600E49CB9 /* Base */ = {isa = PBXFileReference; lastKnownFileType = file.storyboard; name = Base; path = Base.lproj/Main.storyboard; sourceTree = "<group>"; };
		410BE3D01C788E2600E49CB9 /* Assets.xcassets */ = {isa = PBXFileReference; lastKnownFileType = folder.assetcatalog; path = Assets.xcassets; sourceTree = "<group>"; };
		410BE3D31C788E2600E49CB9 /* Base */ = {isa = PBXFileReference; lastKnownFileType = file.storyboard; name = Base; path = Base.lproj/LaunchScreen.storyboard; sourceTree = "<group>"; };
		410BE3D51C788E2600E49CB9 /* Info.plist */ = {isa = PBXFileReference; lastKnownFileType = text.plist.xml; path = Info.plist; sourceTree = "<group>"; };
		410BE3DB1C788FD900E49CB9 /* TimetableBridgingHeader.h */ = {isa = PBXFileReference; lastKnownFileType = sourcecode.c.h; path = TimetableBridgingHeader.h; sourceTree = "<group>"; };
		410BE3DC1C78965C00E49CB9 /* Globals.swift */ = {isa = PBXFileReference; fileEncoding = 4; lastKnownFileType = sourcecode.swift; path = Globals.swift; sourceTree = "<group>"; };
		410BE3E01C78A6FF00E49CB9 /* TTDB.swift */ = {isa = PBXFileReference; fileEncoding = 4; lastKnownFileType = sourcecode.swift; path = TTDB.swift; sourceTree = "<group>"; };
		410BE3E51C78BB1300E49CB9 /* JSON.swift */ = {isa = PBXFileReference; fileEncoding = 4; lastKnownFileType = sourcecode.swift; path = JSON.swift; sourceTree = "<group>"; };
		410BE3E71C78C19200E49CB9 /* Faculty.swift */ = {isa = PBXFileReference; fileEncoding = 4; lastKnownFileType = sourcecode.swift; path = Faculty.swift; sourceTree = "<group>"; };
		410BE3E91C78C3A400E49CB9 /* Group.swift */ = {isa = PBXFileReference; fileEncoding = 4; lastKnownFileType = sourcecode.swift; path = Group.swift; sourceTree = "<group>"; };
		410BE3EB1C78C6F900E49CB9 /* Shedulde.swift */ = {isa = PBXFileReference; fileEncoding = 4; lastKnownFileType = sourcecode.swift; path = Shedulde.swift; sourceTree = "<group>"; };
		410BE3ED1C78CD5F00E49CB9 /* Week.swift */ = {isa = PBXFileReference; fileEncoding = 4; lastKnownFileType = sourcecode.swift; path = Week.swift; sourceTree = "<group>"; };
		410BE3EF1C78CF4E00E49CB9 /* Day.swift */ = {isa = PBXFileReference; fileEncoding = 4; lastKnownFileType = sourcecode.swift; path = Day.swift; sourceTree = "<group>"; };
		410BE3F11C78CF9A00E49CB9 /* Lesson.swift */ = {isa = PBXFileReference; fileEncoding = 4; lastKnownFileType = sourcecode.swift; path = Lesson.swift; sourceTree = "<group>"; };
		410BE3F31C78D58100E49CB9 /* Extensions.swift */ = {isa = PBXFileReference; fileEncoding = 4; lastKnownFileType = sourcecode.swift; path = Extensions.swift; sourceTree = "<group>"; };
		4126BB931C8725330094F9F3 /* LessonsNotifier.swift */ = {isa = PBXFileReference; fileEncoding = 4; lastKnownFileType = sourcecode.swift; path = LessonsNotifier.swift; sourceTree = "<group>"; };
		4126BB961C87393C0094F9F3 /* Settings.swift */ = {isa = PBXFileReference; fileEncoding = 4; lastKnownFileType = sourcecode.swift; path = Settings.swift; sourceTree = "<group>"; };
		4126BB981C873BA30094F9F3 /* SettingsViewController.swift */ = {isa = PBXFileReference; fileEncoding = 4; lastKnownFileType = sourcecode.swift; path = SettingsViewController.swift; sourceTree = "<group>"; };
		417227AB1C88644400BAB98C /* SplitViewController.swift */ = {isa = PBXFileReference; fileEncoding = 4; lastKnownFileType = sourcecode.swift; name = SplitViewController.swift; path = ../SplitViewController.swift; sourceTree = "<group>"; };
		417227AE1C886AC000BAB98C /* LICENSE */ = {isa = PBXFileReference; fileEncoding = 4; lastKnownFileType = text; path = LICENSE; sourceTree = "<group>"; };
		417227B11C886AC000BAB98C /* CBZRasterSplashView.h */ = {isa = PBXFileReference; fileEncoding = 4; lastKnownFileType = sourcecode.c.h; path = CBZRasterSplashView.h; sourceTree = "<group>"; };
		417227B21C886AC000BAB98C /* CBZRasterSplashView.m */ = {isa = PBXFileReference; fileEncoding = 4; lastKnownFileType = sourcecode.c.objc; path = CBZRasterSplashView.m; sourceTree = "<group>"; };
		417227B31C886AC000BAB98C /* CBZSplashView.h */ = {isa = PBXFileReference; fileEncoding = 4; lastKnownFileType = sourcecode.c.h; path = CBZSplashView.h; sourceTree = "<group>"; };
		417227B41C886AC000BAB98C /* CBZSplashView.m */ = {isa = PBXFileReference; fileEncoding = 4; lastKnownFileType = sourcecode.c.objc; path = CBZSplashView.m; sourceTree = "<group>"; };
		417227B51C886AC000BAB98C /* CBZVectorSplashView.h */ = {isa = PBXFileReference; fileEncoding = 4; lastKnownFileType = sourcecode.c.h; path = CBZVectorSplashView.h; sourceTree = "<group>"; };
		417227B61C886AC000BAB98C /* CBZVectorSplashView.m */ = {isa = PBXFileReference; fileEncoding = 4; lastKnownFileType = sourcecode.c.objc; path = CBZVectorSplashView.m; sourceTree = "<group>"; };
		417227B71C886AC000BAB98C /* README.md */ = {isa = PBXFileReference; fileEncoding = 4; lastKnownFileType = net.daringfireball.markdown; path = README.md; sourceTree = "<group>"; };
		419764891C7DCEC3006A2837 /* SearchViewController.swift */ = {isa = PBXFileReference; fileEncoding = 4; lastKnownFileType = sourcecode.swift; path = SearchViewController.swift; sourceTree = "<group>"; };
		41B850D81C85E2E4008A63DA /* DDCalendarEvent.h */ = {isa = PBXFileReference; fileEncoding = 4; lastKnownFileType = sourcecode.c.h; path = DDCalendarEvent.h; sourceTree = "<group>"; };
		41B850D91C85E2E4008A63DA /* DDCalendarEvent.m */ = {isa = PBXFileReference; fileEncoding = 4; lastKnownFileType = sourcecode.c.objc; path = DDCalendarEvent.m; sourceTree = "<group>"; };
		41B850DA1C85E2E4008A63DA /* DDCalendarEventView.h */ = {isa = PBXFileReference; fileEncoding = 4; lastKnownFileType = sourcecode.c.h; path = DDCalendarEventView.h; sourceTree = "<group>"; };
		41B850DB1C85E2E4008A63DA /* DDCalendarEventView.m */ = {isa = PBXFileReference; fileEncoding = 4; lastKnownFileType = sourcecode.c.objc; path = DDCalendarEventView.m; sourceTree = "<group>"; };
		41B850DC1C85E2E4008A63DA /* DDCalendarSingleDayView.h */ = {isa = PBXFileReference; fileEncoding = 4; lastKnownFileType = sourcecode.c.h; path = DDCalendarSingleDayView.h; sourceTree = "<group>"; };
		41B850DD1C85E2E4008A63DA /* DDCalendarSingleDayView.m */ = {isa = PBXFileReference; fileEncoding = 4; lastKnownFileType = sourcecode.c.objc; path = DDCalendarSingleDayView.m; sourceTree = "<group>"; };
		41B850DE1C85E2E4008A63DA /* DDCalendarView.h */ = {isa = PBXFileReference; fileEncoding = 4; lastKnownFileType = sourcecode.c.h; path = DDCalendarView.h; sourceTree = "<group>"; };
		41B850DF1C85E2E4008A63DA /* DDCalendarView.m */ = {isa = PBXFileReference; fileEncoding = 4; lastKnownFileType = sourcecode.c.objc; path = DDCalendarView.m; sourceTree = "<group>"; };
		41B850E01C85E2E4008A63DA /* DDCalendarViewConstants.h */ = {isa = PBXFileReference; fileEncoding = 4; lastKnownFileType = sourcecode.c.h; path = DDCalendarViewConstants.h; sourceTree = "<group>"; };
		41B850E21C85E2E4008A63DA /* FFHourAndMinLabel.h */ = {isa = PBXFileReference; fileEncoding = 4; lastKnownFileType = sourcecode.c.h; path = FFHourAndMinLabel.h; sourceTree = "<group>"; };
		41B850E31C85E2E4008A63DA /* FFHourAndMinLabel.m */ = {isa = PBXFileReference; fileEncoding = 4; lastKnownFileType = sourcecode.c.objc; path = FFHourAndMinLabel.m; sourceTree = "<group>"; };
		41B850E41C85E2E4008A63DA /* FFViewWithHourLines.h */ = {isa = PBXFileReference; fileEncoding = 4; lastKnownFileType = sourcecode.c.h; path = FFViewWithHourLines.h; sourceTree = "<group>"; };
		41B850E51C85E2E4008A63DA /* FFViewWithHourLines.m */ = {isa = PBXFileReference; fileEncoding = 4; lastKnownFileType = sourcecode.c.objc; path = FFViewWithHourLines.m; sourceTree = "<group>"; };
		41B850E61C85E2E4008A63DA /* UILabel+FFCustomMethods.h */ = {isa = PBXFileReference; fileEncoding = 4; lastKnownFileType = sourcecode.c.h; path = "UILabel+FFCustomMethods.h"; sourceTree = "<group>"; };
		41B850E71C85E2E4008A63DA /* UILabel+FFCustomMethods.m */ = {isa = PBXFileReference; fileEncoding = 4; lastKnownFileType = sourcecode.c.objc; path = "UILabel+FFCustomMethods.m"; sourceTree = "<group>"; };
		41B850E81C85E2E4008A63DA /* NSDate+DDCalendar.h */ = {isa = PBXFileReference; fileEncoding = 4; lastKnownFileType = sourcecode.c.h; path = "NSDate+DDCalendar.h"; sourceTree = "<group>"; };
		41B850E91C85E2E4008A63DA /* NSDate+DDCalendar.m */ = {isa = PBXFileReference; fileEncoding = 4; lastKnownFileType = sourcecode.c.objc; path = "NSDate+DDCalendar.m"; sourceTree = "<group>"; };
		41B850EB1C85E2E4008A63DA /* OBDragDrop.h */ = {isa = PBXFileReference; fileEncoding = 4; lastKnownFileType = sourcecode.c.h; path = OBDragDrop.h; sourceTree = "<group>"; };
		41B850EC1C85E2E4008A63DA /* OBDragDropManager.h */ = {isa = PBXFileReference; fileEncoding = 4; lastKnownFileType = sourcecode.c.h; path = OBDragDropManager.h; sourceTree = "<group>"; };
		41B850ED1C85E2E4008A63DA /* OBDragDropManager.m */ = {isa = PBXFileReference; fileEncoding = 4; lastKnownFileType = sourcecode.c.objc; path = OBDragDropManager.m; sourceTree = "<group>"; };
		41B850EE1C85E2E4008A63DA /* OBDragDropProtocol.h */ = {isa = PBXFileReference; fileEncoding = 4; lastKnownFileType = sourcecode.c.h; path = OBDragDropProtocol.h; sourceTree = "<group>"; };
		41B850EF1C85E2E4008A63DA /* OBLongPressDragDropGestureRecognizer.h */ = {isa = PBXFileReference; fileEncoding = 4; lastKnownFileType = sourcecode.c.h; path = OBLongPressDragDropGestureRecognizer.h; sourceTree = "<group>"; };
		41B850F01C85E2E4008A63DA /* OBLongPressDragDropGestureRecognizer.m */ = {isa = PBXFileReference; fileEncoding = 4; lastKnownFileType = sourcecode.c.objc; path = OBLongPressDragDropGestureRecognizer.m; sourceTree = "<group>"; };
		41B850F11C85E2E4008A63DA /* UIGestureRecognizer+OBDragDrop.h */ = {isa = PBXFileReference; fileEncoding = 4; lastKnownFileType = sourcecode.c.h; path = "UIGestureRecognizer+OBDragDrop.h"; sourceTree = "<group>"; };
		41B850F21C85E2E4008A63DA /* UIGestureRecognizer+OBDragDrop.m */ = {isa = PBXFileReference; fileEncoding = 4; lastKnownFileType = sourcecode.c.objc; path = "UIGestureRecognizer+OBDragDrop.m"; sourceTree = "<group>"; };
		41B850F31C85E2E4008A63DA /* UIView+OBDropZone.h */ = {isa = PBXFileReference; fileEncoding = 4; lastKnownFileType = sourcecode.c.h; path = "UIView+OBDropZone.h"; sourceTree = "<group>"; };
		41B850F41C85E2E4008A63DA /* UIView+OBDropZone.m */ = {isa = PBXFileReference; fileEncoding = 4; lastKnownFileType = sourcecode.c.objc; path = "UIView+OBDropZone.m"; sourceTree = "<group>"; };
		41B850F51C85E2E4008A63DA /* LICENSE */ = {isa = PBXFileReference; fileEncoding = 4; lastKnownFileType = text; path = LICENSE; sourceTree = "<group>"; };
		41B850F61C85E2E4008A63DA /* README.md */ = {isa = PBXFileReference; fileEncoding = 4; lastKnownFileType = net.daringfireball.markdown; path = README.md; sourceTree = "<group>"; };
		41F2739F1C7DE05A0057947F /* FacultiesViewController.swift */ = {isa = PBXFileReference; fileEncoding = 4; lastKnownFileType = sourcecode.swift; path = FacultiesViewController.swift; sourceTree = "<group>"; };
		B7B4CEE6540F94C57B8C6FD9 /* Pods.framework */ = {isa = PBXFileReference; explicitFileType = wrapper.framework; includeInIndex = 0; path = Pods.framework; sourceTree = BUILT_PRODUCTS_DIR; };
		DD08277D1C7F658100CE1F0B /* BookmarksViewController.swift */ = {isa = PBXFileReference; fileEncoding = 4; lastKnownFileType = sourcecode.swift; path = BookmarksViewController.swift; sourceTree = "<group>"; };
/* End PBXFileReference section */

/* Begin PBXFrameworksBuildPhase section */
		410BE3C31C788E2500E49CB9 /* Frameworks */ = {
			isa = PBXFrameworksBuildPhase;
			buildActionMask = 2147483647;
			files = (
				1F701B33626C08EBE80725F3 /* Pods.framework in Frameworks */,
			);
			runOnlyForDeploymentPostprocessing = 0;
		};
/* End PBXFrameworksBuildPhase section */

/* Begin PBXGroup section */
		410BE3BD1C788E2500E49CB9 = {
			isa = PBXGroup;
			children = (
				410BE3C81C788E2500E49CB9 /* Timetable */,
				410BE3C71C788E2500E49CB9 /* Products */,
				C1C8F32292D86B855E1E1D96 /* Pods */,
				92D1CC71505B6126E3BD676E /* Frameworks */,
			);
			sourceTree = "<group>";
		};
		410BE3C71C788E2500E49CB9 /* Products */ = {
			isa = PBXGroup;
			children = (
				410BE3C61C788E2500E49CB9 /* Timetable.app */,
			);
			name = Products;
			sourceTree = "<group>";
		};
		410BE3C81C788E2500E49CB9 /* Timetable */ = {
			isa = PBXGroup;
			children = (
				4126BB951C87392F0094F9F3 /* Settings */,
				4126BB921C8725130094F9F3 /* Notifications */,
				41B850D51C85E2E4008A63DA /* Libraries */,
				419764841C7DCDB5006A2837 /* Search */,
				410BE3E21C78A70700E49CB9 /* DB */,
				410BE3C91C788E2600E49CB9 /* AppDelegate.swift */,
				417227A91C8863C300BAB98C /* Bookmarks */,
				417227AA1C8863C900BAB98C /* Calendar */,
				410BE3CD1C788E2600E49CB9 /* Main.storyboard */,
				410BE3D01C788E2600E49CB9 /* Assets.xcassets */,
				410BE3D21C788E2600E49CB9 /* LaunchScreen.storyboard */,
				410BE3D51C788E2600E49CB9 /* Info.plist */,
				410BE3DB1C788FD900E49CB9 /* TimetableBridgingHeader.h */,
				417227AB1C88644400BAB98C /* SplitViewController.swift */,
				410BE3DC1C78965C00E49CB9 /* Globals.swift */,
			);
			path = Timetable;
			sourceTree = "<group>";
		};
		410BE3E21C78A70700E49CB9 /* DB */ = {
			isa = PBXGroup;
			children = (
				410BE3E51C78BB1300E49CB9 /* JSON.swift */,
				410BE3E01C78A6FF00E49CB9 /* TTDB.swift */,
				410BE3E71C78C19200E49CB9 /* Faculty.swift */,
				410BE3E91C78C3A400E49CB9 /* Group.swift */,
				410BE3EB1C78C6F900E49CB9 /* Shedulde.swift */,
				410BE3ED1C78CD5F00E49CB9 /* Week.swift */,
				410BE3EF1C78CF4E00E49CB9 /* Day.swift */,
				410BE3F11C78CF9A00E49CB9 /* Lesson.swift */,
				410BE3F31C78D58100E49CB9 /* Extensions.swift */,
			);
			name = DB;
			sourceTree = "<group>";
		};
		4126BB921C8725130094F9F3 /* Notifications */ = {
			isa = PBXGroup;
			children = (
				4126BB931C8725330094F9F3 /* LessonsNotifier.swift */,
			);
			name = Notifications;
			sourceTree = "<group>";
		};
		4126BB951C87392F0094F9F3 /* Settings */ = {
			isa = PBXGroup;
			children = (
				4126BB961C87393C0094F9F3 /* Settings.swift */,
				4126BB981C873BA30094F9F3 /* SettingsViewController.swift */,
			);
			name = Settings;
			sourceTree = "<group>";
		};
		417227A91C8863C300BAB98C /* Bookmarks */ = {
			isa = PBXGroup;
			children = (
				DD08277D1C7F658100CE1F0B /* BookmarksViewController.swift */,
			);
			name = Bookmarks;
			sourceTree = "<group>";
		};
		417227AA1C8863C900BAB98C /* Calendar */ = {
			isa = PBXGroup;
			children = (
				410BE3CB1C788E2600E49CB9 /* CalendarViewController.swift */,
			);
			name = Calendar;
			sourceTree = "<group>";
		};
		417227AD1C886AC000BAB98C /* CBZSplashView */ = {
			isa = PBXGroup;
			children = (
				417227AE1C886AC000BAB98C /* LICENSE */,
				417227AF1C886AC000BAB98C /* Pod */,
				417227B71C886AC000BAB98C /* README.md */,
			);
			path = CBZSplashView;
			sourceTree = "<group>";
		};
		417227AF1C886AC000BAB98C /* Pod */ = {
			isa = PBXGroup;
			children = (
				417227B01C886AC000BAB98C /* Classes */,
			);
			path = Pod;
			sourceTree = "<group>";
		};
		417227B01C886AC000BAB98C /* Classes */ = {
			isa = PBXGroup;
			children = (
				417227B11C886AC000BAB98C /* CBZRasterSplashView.h */,
				417227B21C886AC000BAB98C /* CBZRasterSplashView.m */,
				417227B31C886AC000BAB98C /* CBZSplashView.h */,
				417227B41C886AC000BAB98C /* CBZSplashView.m */,
				417227B51C886AC000BAB98C /* CBZVectorSplashView.h */,
				417227B61C886AC000BAB98C /* CBZVectorSplashView.m */,
			);
			path = Classes;
			sourceTree = "<group>";
		};
		419764841C7DCDB5006A2837 /* Search */ = {
			isa = PBXGroup;
			children = (
				419764891C7DCEC3006A2837 /* SearchViewController.swift */,
				41F2739F1C7DE05A0057947F /* FacultiesViewController.swift */,
			);
			name = Search;
			sourceTree = "<group>";
		};
		41B850D51C85E2E4008A63DA /* Libraries */ = {
			isa = PBXGroup;
			children = (
				417227AD1C886AC000BAB98C /* CBZSplashView */,
				41B850D61C85E2E4008A63DA /* DDCalendarView */,
			);
			path = Libraries;
			sourceTree = "<group>";
		};
		41B850D61C85E2E4008A63DA /* DDCalendarView */ = {
			isa = PBXGroup;
			children = (
				41B850D71C85E2E4008A63DA /* DDCalendarView_objc */,
				41B850F51C85E2E4008A63DA /* LICENSE */,
				41B850F61C85E2E4008A63DA /* README.md */,
			);
			path = DDCalendarView;
			sourceTree = "<group>";
		};
		41B850D71C85E2E4008A63DA /* DDCalendarView_objc */ = {
			isa = PBXGroup;
			children = (
				41B850D81C85E2E4008A63DA /* DDCalendarEvent.h */,
				41B850D91C85E2E4008A63DA /* DDCalendarEvent.m */,
				41B850DA1C85E2E4008A63DA /* DDCalendarEventView.h */,
				41B850DB1C85E2E4008A63DA /* DDCalendarEventView.m */,
				41B850DC1C85E2E4008A63DA /* DDCalendarSingleDayView.h */,
				41B850DD1C85E2E4008A63DA /* DDCalendarSingleDayView.m */,
				41B850DE1C85E2E4008A63DA /* DDCalendarView.h */,
				41B850DF1C85E2E4008A63DA /* DDCalendarView.m */,
				41B850E01C85E2E4008A63DA /* DDCalendarViewConstants.h */,
				41B850E11C85E2E4008A63DA /* FFViewWithHourLines */,
				41B850E81C85E2E4008A63DA /* NSDate+DDCalendar.h */,
				41B850E91C85E2E4008A63DA /* NSDate+DDCalendar.m */,
				41B850EA1C85E2E4008A63DA /* OBDragDrop */,
			);
			path = DDCalendarView_objc;
			sourceTree = "<group>";
		};
		41B850E11C85E2E4008A63DA /* FFViewWithHourLines */ = {
			isa = PBXGroup;
			children = (
				41B850E21C85E2E4008A63DA /* FFHourAndMinLabel.h */,
				41B850E31C85E2E4008A63DA /* FFHourAndMinLabel.m */,
				41B850E41C85E2E4008A63DA /* FFViewWithHourLines.h */,
				41B850E51C85E2E4008A63DA /* FFViewWithHourLines.m */,
				41B850E61C85E2E4008A63DA /* UILabel+FFCustomMethods.h */,
				41B850E71C85E2E4008A63DA /* UILabel+FFCustomMethods.m */,
			);
			path = FFViewWithHourLines;
			sourceTree = "<group>";
		};
		41B850EA1C85E2E4008A63DA /* OBDragDrop */ = {
			isa = PBXGroup;
			children = (
				41B850EB1C85E2E4008A63DA /* OBDragDrop.h */,
				41B850EC1C85E2E4008A63DA /* OBDragDropManager.h */,
				41B850ED1C85E2E4008A63DA /* OBDragDropManager.m */,
				41B850EE1C85E2E4008A63DA /* OBDragDropProtocol.h */,
				41B850EF1C85E2E4008A63DA /* OBLongPressDragDropGestureRecognizer.h */,
				41B850F01C85E2E4008A63DA /* OBLongPressDragDropGestureRecognizer.m */,
				41B850F11C85E2E4008A63DA /* UIGestureRecognizer+OBDragDrop.h */,
				41B850F21C85E2E4008A63DA /* UIGestureRecognizer+OBDragDrop.m */,
				41B850F31C85E2E4008A63DA /* UIView+OBDropZone.h */,
				41B850F41C85E2E4008A63DA /* UIView+OBDropZone.m */,
			);
			path = OBDragDrop;
			sourceTree = "<group>";
		};
		92D1CC71505B6126E3BD676E /* Frameworks */ = {
			isa = PBXGroup;
			children = (
				B7B4CEE6540F94C57B8C6FD9 /* Pods.framework */,
			);
			name = Frameworks;
			sourceTree = "<group>";
		};
		C1C8F32292D86B855E1E1D96 /* Pods */ = {
			isa = PBXGroup;
			children = (
				04F9172B028394EABC6A35D3 /* Pods.debug.xcconfig */,
				3270AF72959F76F37F896B19 /* Pods.release.xcconfig */,
			);
			name = Pods;
			sourceTree = "<group>";
		};
/* End PBXGroup section */

/* Begin PBXNativeTarget section */
		410BE3C51C788E2500E49CB9 /* Timetable */ = {
			isa = PBXNativeTarget;
			buildConfigurationList = 410BE3D81C788E2600E49CB9 /* Build configuration list for PBXNativeTarget "Timetable" */;
			buildPhases = (
				D7EA28DAB9175D286D232A3A /* Check Pods Manifest.lock */,
				410BE3C21C788E2500E49CB9 /* Sources */,
				410BE3C31C788E2500E49CB9 /* Frameworks */,
				410BE3C41C788E2500E49CB9 /* Resources */,
				00D464F30D86C9638FFA8401 /* Embed Pods Frameworks */,
				EEDA23CBE71B3A830CE21B8E /* Copy Pods Resources */,
			);
			buildRules = (
			);
			dependencies = (
			);
			name = Timetable;
			productName = Timetable;
			productReference = 410BE3C61C788E2500E49CB9 /* Timetable.app */;
			productType = "com.apple.product-type.application";
		};
/* End PBXNativeTarget section */

/* Begin PBXProject section */
		410BE3BE1C788E2500E49CB9 /* Project object */ = {
			isa = PBXProject;
			attributes = {
				LastSwiftUpdateCheck = 0720;
				LastUpgradeCheck = 0720;
				ORGANIZATIONNAME = spbstu;
				TargetAttributes = {
					410BE3C51C788E2500E49CB9 = {
						CreatedOnToolsVersion = 7.2.1;
						DevelopmentTeam = 399Y9BNDEG;
					};
				};
			};
			buildConfigurationList = 410BE3C11C788E2500E49CB9 /* Build configuration list for PBXProject "Timetable" */;
			compatibilityVersion = "Xcode 3.2";
			developmentRegion = English;
			hasScannedForEncodings = 0;
			knownRegions = (
				en,
				Base,
			);
			mainGroup = 410BE3BD1C788E2500E49CB9;
			productRefGroup = 410BE3C71C788E2500E49CB9 /* Products */;
			projectDirPath = "";
			projectRoot = "";
			targets = (
				410BE3C51C788E2500E49CB9 /* Timetable */,
			);
		};
/* End PBXProject section */

/* Begin PBXResourcesBuildPhase section */
		410BE3C41C788E2500E49CB9 /* Resources */ = {
			isa = PBXResourcesBuildPhase;
			buildActionMask = 2147483647;
			files = (
				410BE3D41C788E2600E49CB9 /* LaunchScreen.storyboard in Resources */,
				410BE3D11C788E2600E49CB9 /* Assets.xcassets in Resources */,
				41B851031C85E2E4008A63DA /* LICENSE in Resources */,
				410BE3CF1C788E2600E49CB9 /* Main.storyboard in Resources */,
				417227B81C886AC000BAB98C /* LICENSE in Resources */,
			);
			runOnlyForDeploymentPostprocessing = 0;
		};
/* End PBXResourcesBuildPhase section */

/* Begin PBXShellScriptBuildPhase section */
		00D464F30D86C9638FFA8401 /* Embed Pods Frameworks */ = {
			isa = PBXShellScriptBuildPhase;
			buildActionMask = 2147483647;
			files = (
			);
			inputPaths = (
			);
			name = "Embed Pods Frameworks";
			outputPaths = (
			);
			runOnlyForDeploymentPostprocessing = 0;
			shellPath = /bin/sh;
			shellScript = "\"${SRCROOT}/Pods/Target Support Files/Pods/Pods-frameworks.sh\"\n";
			showEnvVarsInLog = 0;
		};
		D7EA28DAB9175D286D232A3A /* Check Pods Manifest.lock */ = {
			isa = PBXShellScriptBuildPhase;
			buildActionMask = 2147483647;
			files = (
			);
			inputPaths = (
			);
			name = "Check Pods Manifest.lock";
			outputPaths = (
			);
			runOnlyForDeploymentPostprocessing = 0;
			shellPath = /bin/sh;
			shellScript = "diff \"${PODS_ROOT}/../Podfile.lock\" \"${PODS_ROOT}/Manifest.lock\" > /dev/null\nif [[ $? != 0 ]] ; then\n    cat << EOM\nerror: The sandbox is not in sync with the Podfile.lock. Run 'pod install' or update your CocoaPods installation.\nEOM\n    exit 1\nfi\n";
			showEnvVarsInLog = 0;
		};
		EEDA23CBE71B3A830CE21B8E /* Copy Pods Resources */ = {
			isa = PBXShellScriptBuildPhase;
			buildActionMask = 2147483647;
			files = (
			);
			inputPaths = (
			);
			name = "Copy Pods Resources";
			outputPaths = (
			);
			runOnlyForDeploymentPostprocessing = 0;
			shellPath = /bin/sh;
			shellScript = "\"${SRCROOT}/Pods/Target Support Files/Pods/Pods-resources.sh\"\n";
			showEnvVarsInLog = 0;
		};
/* End PBXShellScriptBuildPhase section */

/* Begin PBXSourcesBuildPhase section */
		410BE3C21C788E2500E49CB9 /* Sources */ = {
			isa = PBXSourcesBuildPhase;
			buildActionMask = 2147483647;
			files = (
				41B851021C85E2E4008A63DA /* UIView+OBDropZone.m in Sources */,
				417227B91C886AC000BAB98C /* CBZRasterSplashView.m in Sources */,
				41B850FF1C85E2E4008A63DA /* OBDragDropManager.m in Sources */,
				41B850F71C85E2E4008A63DA /* DDCalendarEvent.m in Sources */,
				4126BB941C8725330094F9F3 /* LessonsNotifier.swift in Sources */,
				41B850F91C85E2E4008A63DA /* DDCalendarSingleDayView.m in Sources */,
				417227BC1C886AC000BAB98C /* README.md in Sources */,
				41B850FB1C85E2E4008A63DA /* FFHourAndMinLabel.m in Sources */,
				DD08277E1C7F658100CE1F0B /* BookmarksViewController.swift in Sources */,
				4126BB991C873BA30094F9F3 /* SettingsViewController.swift in Sources */,
				41B850FC1C85E2E4008A63DA /* FFViewWithHourLines.m in Sources */,
				4197648A1C7DCEC3006A2837 /* SearchViewController.swift in Sources */,
				41B850FA1C85E2E4008A63DA /* DDCalendarView.m in Sources */,
				410BE3EA1C78C3A400E49CB9 /* Group.swift in Sources */,
				410BE3E81C78C19200E49CB9 /* Faculty.swift in Sources */,
				41B850F81C85E2E4008A63DA /* DDCalendarEventView.m in Sources */,
				417227BA1C886AC000BAB98C /* CBZSplashView.m in Sources */,
				41B850FE1C85E2E4008A63DA /* NSDate+DDCalendar.m in Sources */,
				41B851041C85E2E4008A63DA /* README.md in Sources */,
				410BE3CC1C788E2600E49CB9 /* CalendarViewController.swift in Sources */,
				410BE3E61C78BB1300E49CB9 /* JSON.swift in Sources */,
				41B851011C85E2E4008A63DA /* UIGestureRecognizer+OBDragDrop.m in Sources */,
				410BE3F21C78CF9A00E49CB9 /* Lesson.swift in Sources */,
				410BE3F01C78CF4E00E49CB9 /* Day.swift in Sources */,
				41F273A01C7DE05A0057947F /* FacultiesViewController.swift in Sources */,
				4126BB971C87393C0094F9F3 /* Settings.swift in Sources */,
				410BE3EC1C78C6F900E49CB9 /* Shedulde.swift in Sources */,
				41B851001C85E2E4008A63DA /* OBLongPressDragDropGestureRecognizer.m in Sources */,
				410BE3F41C78D58100E49CB9 /* Extensions.swift in Sources */,
				410BE3CA1C788E2600E49CB9 /* AppDelegate.swift in Sources */,
				410BE3EE1C78CD5F00E49CB9 /* Week.swift in Sources */,
				41B850FD1C85E2E4008A63DA /* UILabel+FFCustomMethods.m in Sources */,
				417227BB1C886AC000BAB98C /* CBZVectorSplashView.m in Sources */,
				410BE3E11C78A6FF00E49CB9 /* TTDB.swift in Sources */,
				410BE3DD1C78965C00E49CB9 /* Globals.swift in Sources */,
				417227AC1C88644400BAB98C /* SplitViewController.swift in Sources */,
			);
			runOnlyForDeploymentPostprocessing = 0;
		};
/* End PBXSourcesBuildPhase section */

/* Begin PBXVariantGroup section */
		410BE3CD1C788E2600E49CB9 /* Main.storyboard */ = {
			isa = PBXVariantGroup;
			children = (
				410BE3CE1C788E2600E49CB9 /* Base */,
			);
			name = Main.storyboard;
			sourceTree = "<group>";
		};
		410BE3D21C788E2600E49CB9 /* LaunchScreen.storyboard */ = {
			isa = PBXVariantGroup;
			children = (
				410BE3D31C788E2600E49CB9 /* Base */,
			);
			name = LaunchScreen.storyboard;
			sourceTree = "<group>";
		};
/* End PBXVariantGroup section */

/* Begin XCBuildConfiguration section */
		410BE3D61C788E2600E49CB9 /* Debug */ = {
			isa = XCBuildConfiguration;
			buildSettings = {
				ALWAYS_SEARCH_USER_PATHS = YES;
				CLANG_CXX_LANGUAGE_STANDARD = "gnu++0x";
				CLANG_CXX_LIBRARY = "libc++";
				CLANG_ENABLE_MODULES = YES;
				CLANG_ENABLE_OBJC_ARC = YES;
				CLANG_WARN_BOOL_CONVERSION = YES;
				CLANG_WARN_CONSTANT_CONVERSION = YES;
				CLANG_WARN_DIRECT_OBJC_ISA_USAGE = YES_ERROR;
				CLANG_WARN_EMPTY_BODY = YES;
				CLANG_WARN_ENUM_CONVERSION = YES;
				CLANG_WARN_INT_CONVERSION = YES;
				CLANG_WARN_OBJC_ROOT_CLASS = YES_ERROR;
				CLANG_WARN_UNREACHABLE_CODE = YES;
				CLANG_WARN__DUPLICATE_METHOD_MATCH = YES;
				"CODE_SIGN_IDENTITY[sdk=iphoneos*]" = "iPhone Developer";
				COPY_PHASE_STRIP = NO;
				DEBUG_INFORMATION_FORMAT = dwarf;
				ENABLE_STRICT_OBJC_MSGSEND = YES;
				ENABLE_TESTABILITY = YES;
				GCC_C_LANGUAGE_STANDARD = gnu99;
				GCC_DYNAMIC_NO_PIC = NO;
				GCC_NO_COMMON_BLOCKS = YES;
				GCC_OPTIMIZATION_LEVEL = 0;
				GCC_PREPROCESSOR_DEFINITIONS = (
					"DEBUG=1",
					"$(inherited)",
				);
				GCC_WARN_64_TO_32_BIT_CONVERSION = YES;
				GCC_WARN_ABOUT_RETURN_TYPE = YES_ERROR;
				GCC_WARN_UNDECLARED_SELECTOR = YES;
				GCC_WARN_UNINITIALIZED_AUTOS = YES_AGGRESSIVE;
				GCC_WARN_UNUSED_FUNCTION = YES;
				GCC_WARN_UNUSED_VARIABLE = YES;
				IPHONEOS_DEPLOYMENT_TARGET = 9.2;
				MTL_ENABLE_DEBUG_INFO = YES;
				ONLY_ACTIVE_ARCH = YES;
				SDKROOT = iphoneos;
				SWIFT_OBJC_BRIDGING_HEADER = Timetable/TimetableBridgingHeader.h;
				SWIFT_OPTIMIZATION_LEVEL = "-Onone";
				TARGETED_DEVICE_FAMILY = "1,2";
				USER_HEADER_SEARCH_PATHS = "${PROJECT_DIR}/**";
			};
			name = Debug;
		};
		410BE3D71C788E2600E49CB9 /* Release */ = {
			isa = XCBuildConfiguration;
			buildSettings = {
				ALWAYS_SEARCH_USER_PATHS = YES;
				CLANG_CXX_LANGUAGE_STANDARD = "gnu++0x";
				CLANG_CXX_LIBRARY = "libc++";
				CLANG_ENABLE_MODULES = YES;
				CLANG_ENABLE_OBJC_ARC = YES;
				CLANG_WARN_BOOL_CONVERSION = YES;
				CLANG_WARN_CONSTANT_CONVERSION = YES;
				CLANG_WARN_DIRECT_OBJC_ISA_USAGE = YES_ERROR;
				CLANG_WARN_EMPTY_BODY = YES;
				CLANG_WARN_ENUM_CONVERSION = YES;
				CLANG_WARN_INT_CONVERSION = YES;
				CLANG_WARN_OBJC_ROOT_CLASS = YES_ERROR;
				CLANG_WARN_UNREACHABLE_CODE = YES;
				CLANG_WARN__DUPLICATE_METHOD_MATCH = YES;
				"CODE_SIGN_IDENTITY[sdk=iphoneos*]" = "iPhone Developer";
				COPY_PHASE_STRIP = NO;
				DEBUG_INFORMATION_FORMAT = "dwarf-with-dsym";
				ENABLE_NS_ASSERTIONS = NO;
				ENABLE_STRICT_OBJC_MSGSEND = YES;
				GCC_C_LANGUAGE_STANDARD = gnu99;
				GCC_NO_COMMON_BLOCKS = YES;
				GCC_WARN_64_TO_32_BIT_CONVERSION = YES;
				GCC_WARN_ABOUT_RETURN_TYPE = YES_ERROR;
				GCC_WARN_UNDECLARED_SELECTOR = YES;
				GCC_WARN_UNINITIALIZED_AUTOS = YES_AGGRESSIVE;
				GCC_WARN_UNUSED_FUNCTION = YES;
				GCC_WARN_UNUSED_VARIABLE = YES;
				IPHONEOS_DEPLOYMENT_TARGET = 9.2;
				MTL_ENABLE_DEBUG_INFO = NO;
				SDKROOT = iphoneos;
				SWIFT_OBJC_BRIDGING_HEADER = Timetable/TimetableBridgingHeader.h;
				TARGETED_DEVICE_FAMILY = "1,2";
				USER_HEADER_SEARCH_PATHS = "${PROJECT_DIR}/**";
				VALIDATE_PRODUCT = YES;
			};
			name = Release;
		};
		410BE3D91C788E2600E49CB9 /* Debug */ = {
			isa = XCBuildConfiguration;
			baseConfigurationReference = 04F9172B028394EABC6A35D3 /* Pods.debug.xcconfig */;
			buildSettings = {
				ASSETCATALOG_COMPILER_APPICON_NAME = AppIcon;
				CODE_SIGN_IDENTITY = "iPhone Developer";
				INFOPLIST_FILE = Timetable/Info.plist;
				IPHONEOS_DEPLOYMENT_TARGET = 9.0;
				LD_RUNPATH_SEARCH_PATHS = "$(inherited) @executable_path/Frameworks";
				PRODUCT_BUNDLE_IDENTIFIER = com.cander.spbstu.Timetable;
				PRODUCT_NAME = "$(TARGET_NAME)";
			};
			name = Debug;
		};
		410BE3DA1C788E2600E49CB9 /* Release */ = {
			isa = XCBuildConfiguration;
			baseConfigurationReference = 3270AF72959F76F37F896B19 /* Pods.release.xcconfig */;
			buildSettings = {
				ASSETCATALOG_COMPILER_APPICON_NAME = AppIcon;
				CODE_SIGN_IDENTITY = "iPhone Developer";
				INFOPLIST_FILE = Timetable/Info.plist;
				IPHONEOS_DEPLOYMENT_TARGET = 9.0;
				LD_RUNPATH_SEARCH_PATHS = "$(inherited) @executable_path/Frameworks";
				PRODUCT_BUNDLE_IDENTIFIER = com.cander.spbstu.Timetable;
				PRODUCT_NAME = "$(TARGET_NAME)";
			};
			name = Release;
		};
/* End XCBuildConfiguration section */

/* Begin XCConfigurationList section */
		410BE3C11C788E2500E49CB9 /* Build configuration list for PBXProject "Timetable" */ = {
			isa = XCConfigurationList;
			buildConfigurations = (
				410BE3D61C788E2600E49CB9 /* Debug */,
				410BE3D71C788E2600E49CB9 /* Release */,
			);
			defaultConfigurationIsVisible = 0;
			defaultConfigurationName = Release;
		};
		410BE3D81C788E2600E49CB9 /* Build configuration list for PBXNativeTarget "Timetable" */ = {
			isa = XCConfigurationList;
			buildConfigurations = (
				410BE3D91C788E2600E49CB9 /* Debug */,
				410BE3DA1C788E2600E49CB9 /* Release */,
			);
			defaultConfigurationIsVisible = 0;
			defaultConfigurationName = Release;
		};
/* End XCConfigurationList section */
	};
	rootObject = 410BE3BE1C788E2500E49CB9 /* Project object */;
}
